// !$*UTF8*$!
{
	archiveVersion = 1;
	classes = {
	};
	objectVersion = 56;
	objects = {

/* Begin PBXBuildFile section */
		096CDE8A2B049C99008BAE4E /* AppDelegate.swift in Sources */ = {isa = PBXBuildFile; fileRef = 096CDE892B049C99008BAE4E /* AppDelegate.swift */; };
		096CDE8C2B049C99008BAE4E /* SceneDelegate.swift in Sources */ = {isa = PBXBuildFile; fileRef = 096CDE8B2B049C99008BAE4E /* SceneDelegate.swift */; };
		096CDE8E2B049C99008BAE4E /* MoviesViewController.swift in Sources */ = {isa = PBXBuildFile; fileRef = 096CDE8D2B049C99008BAE4E /* MoviesViewController.swift */; };
		096CDE912B049C99008BAE4E /* Main.storyboard in Resources */ = {isa = PBXBuildFile; fileRef = 096CDE8F2B049C99008BAE4E /* Main.storyboard */; };
		096CDE932B049C9B008BAE4E /* Assets.xcassets in Resources */ = {isa = PBXBuildFile; fileRef = 096CDE922B049C9B008BAE4E /* Assets.xcassets */; };
		096CDE962B049C9B008BAE4E /* LaunchScreen.storyboard in Resources */ = {isa = PBXBuildFile; fileRef = 096CDE942B049C9B008BAE4E /* LaunchScreen.storyboard */; };
		096CDEA32B04A723008BAE4E /* MovieData.swift in Sources */ = {isa = PBXBuildFile; fileRef = 096CDEA22B04A723008BAE4E /* MovieData.swift */; };
		096CDEA52B04A788008BAE4E /* MovieManager.swift in Sources */ = {isa = PBXBuildFile; fileRef = 096CDEA42B04A788008BAE4E /* MovieManager.swift */; };
		096CDEA72B04C9B1008BAE4E /* MovieModel.swift in Sources */ = {isa = PBXBuildFile; fileRef = 096CDEA62B04C9B1008BAE4E /* MovieModel.swift */; };
		096CDEB02B04F21B008BAE4E /* MovieTableViewCell.swift in Sources */ = {isa = PBXBuildFile; fileRef = 096CDEAE2B04F21B008BAE4E /* MovieTableViewCell.swift */; };
		096CDEB12B04F21B008BAE4E /* MovieTableViewCell.xib in Resources */ = {isa = PBXBuildFile; fileRef = 096CDEAF2B04F21B008BAE4E /* MovieTableViewCell.xib */; };
		09B199282B0619F200F296CB /* MovieDescriptionViewController.swift in Sources */ = {isa = PBXBuildFile; fileRef = 09B199272B0619F200F296CB /* MovieDescriptionViewController.swift */; };
		61F6AF4A09DA952C3A70199C /* Pods_Assignment.framework in Frameworks */ = {isa = PBXBuildFile; fileRef = 1CCA411BCF47C187A1783DA5 /* Pods_Assignment.framework */; };
/* End PBXBuildFile section */

/* Begin PBXFileReference section */
		096CDE862B049C99008BAE4E /* Assignment.app */ = {isa = PBXFileReference; explicitFileType = wrapper.application; includeInIndex = 0; path = Assignment.app; sourceTree = BUILT_PRODUCTS_DIR; };
		096CDE892B049C99008BAE4E /* AppDelegate.swift */ = {isa = PBXFileReference; lastKnownFileType = sourcecode.swift; path = AppDelegate.swift; sourceTree = "<group>"; };
		096CDE8B2B049C99008BAE4E /* SceneDelegate.swift */ = {isa = PBXFileReference; lastKnownFileType = sourcecode.swift; path = SceneDelegate.swift; sourceTree = "<group>"; };
		096CDE8D2B049C99008BAE4E /* MoviesViewController.swift */ = {isa = PBXFileReference; lastKnownFileType = sourcecode.swift; path = MoviesViewController.swift; sourceTree = "<group>"; };
		096CDE902B049C99008BAE4E /* Base */ = {isa = PBXFileReference; lastKnownFileType = file.storyboard; name = Base; path = Base.lproj/Main.storyboard; sourceTree = "<group>"; };
		096CDE922B049C9B008BAE4E /* Assets.xcassets */ = {isa = PBXFileReference; lastKnownFileType = folder.assetcatalog; path = Assets.xcassets; sourceTree = "<group>"; };
		096CDE952B049C9B008BAE4E /* Base */ = {isa = PBXFileReference; lastKnownFileType = file.storyboard; name = Base; path = Base.lproj/LaunchScreen.storyboard; sourceTree = "<group>"; };
		096CDE972B049C9B008BAE4E /* Info.plist */ = {isa = PBXFileReference; lastKnownFileType = text.plist.xml; path = Info.plist; sourceTree = "<group>"; };
		096CDEA22B04A723008BAE4E /* MovieData.swift */ = {isa = PBXFileReference; lastKnownFileType = sourcecode.swift; path = MovieData.swift; sourceTree = "<group>"; };
		096CDEA42B04A788008BAE4E /* MovieManager.swift */ = {isa = PBXFileReference; lastKnownFileType = sourcecode.swift; path = MovieManager.swift; sourceTree = "<group>"; };
		096CDEA62B04C9B1008BAE4E /* MovieModel.swift */ = {isa = PBXFileReference; lastKnownFileType = sourcecode.swift; path = MovieModel.swift; sourceTree = "<group>"; };
		096CDEAE2B04F21B008BAE4E /* MovieTableViewCell.swift */ = {isa = PBXFileReference; lastKnownFileType = sourcecode.swift; path = MovieTableViewCell.swift; sourceTree = "<group>"; };
		096CDEAF2B04F21B008BAE4E /* MovieTableViewCell.xib */ = {isa = PBXFileReference; lastKnownFileType = file.xib; path = MovieTableViewCell.xib; sourceTree = "<group>"; };
		09B199272B0619F200F296CB /* MovieDescriptionViewController.swift */ = {isa = PBXFileReference; lastKnownFileType = sourcecode.swift; path = MovieDescriptionViewController.swift; sourceTree = "<group>"; };
		1CCA411BCF47C187A1783DA5 /* Pods_Assignment.framework */ = {isa = PBXFileReference; explicitFileType = wrapper.framework; includeInIndex = 0; path = Pods_Assignment.framework; sourceTree = BUILT_PRODUCTS_DIR; };
		6897268A6807F6115778FD83 /* Pods-Assignment.release.xcconfig */ = {isa = PBXFileReference; includeInIndex = 1; lastKnownFileType = text.xcconfig; name = "Pods-Assignment.release.xcconfig"; path = "Target Support Files/Pods-Assignment/Pods-Assignment.release.xcconfig"; sourceTree = "<group>"; };
		CEEC814023A5083E1DE941B3 /* Pods-Assignment.debug.xcconfig */ = {isa = PBXFileReference; includeInIndex = 1; lastKnownFileType = text.xcconfig; name = "Pods-Assignment.debug.xcconfig"; path = "Target Support Files/Pods-Assignment/Pods-Assignment.debug.xcconfig"; sourceTree = "<group>"; };
/* End PBXFileReference section */

/* Begin PBXFrameworksBuildPhase section */
		096CDE832B049C99008BAE4E /* Frameworks */ = {
			isa = PBXFrameworksBuildPhase;
			buildActionMask = 2147483647;
			files = (
				61F6AF4A09DA952C3A70199C /* Pods_Assignment.framework in Frameworks */,
			);
			runOnlyForDeploymentPostprocessing = 0;
		};
/* End PBXFrameworksBuildPhase section */

/* Begin PBXGroup section */
		096CDE7D2B049C99008BAE4E = {
			isa = PBXGroup;
			children = (
				096CDE882B049C99008BAE4E /* Assignment */,
				096CDE872B049C99008BAE4E /* Products */,
				5091721EF54D6A45209B0E2D /* Pods */,
				F36C3E721B44BEFCB664E257 /* Frameworks */,
			);
			sourceTree = "<group>";
		};
		096CDE872B049C99008BAE4E /* Products */ = {
			isa = PBXGroup;
			children = (
				096CDE862B049C99008BAE4E /* Assignment.app */,
			);
			name = Products;
			sourceTree = "<group>";
		};
		096CDE882B049C99008BAE4E /* Assignment */ = {
			isa = PBXGroup;
			children = (
				096CDE892B049C99008BAE4E /* AppDelegate.swift */,
				096CDE8B2B049C99008BAE4E /* SceneDelegate.swift */,
				096CDEA02B049CDC008BAE4E /* Models */,
				096CDE9D2B049CB6008BAE4E /* View */,
				096CDE9F2B049CCC008BAE4E /* Controllers */,
				096CDEA12B049D31008BAE4E /* Supporting Files */,
				096CDE972B049C9B008BAE4E /* Info.plist */,
			);
			path = Assignment;
			sourceTree = "<group>";
		};
		096CDE9D2B049CB6008BAE4E /* View */ = {
			isa = PBXGroup;
			children = (
				096CDE8F2B049C99008BAE4E /* Main.storyboard */,
				096CDEAE2B04F21B008BAE4E /* MovieTableViewCell.swift */,
				096CDEAF2B04F21B008BAE4E /* MovieTableViewCell.xib */,
			);
			path = View;
			sourceTree = "<group>";
		};
		096CDE9F2B049CCC008BAE4E /* Controllers */ = {
			isa = PBXGroup;
			children = (
				096CDE8D2B049C99008BAE4E /* MoviesViewController.swift */,
				09B199272B0619F200F296CB /* MovieDescriptionViewController.swift */,
			);
			path = Controllers;
			sourceTree = "<group>";
		};
		096CDEA02B049CDC008BAE4E /* Models */ = {
			isa = PBXGroup;
			children = (
				096CDEA22B04A723008BAE4E /* MovieData.swift */,
				096CDEA42B04A788008BAE4E /* MovieManager.swift */,
				096CDEA62B04C9B1008BAE4E /* MovieModel.swift */,
			);
			path = Models;
			sourceTree = "<group>";
		};
		096CDEA12B049D31008BAE4E /* Supporting Files */ = {
			isa = PBXGroup;
			children = (
				096CDE922B049C9B008BAE4E /* Assets.xcassets */,
				096CDE942B049C9B008BAE4E /* LaunchScreen.storyboard */,
			);
			path = "Supporting Files";
			sourceTree = "<group>";
		};
		5091721EF54D6A45209B0E2D /* Pods */ = {
			isa = PBXGroup;
			children = (
				CEEC814023A5083E1DE941B3 /* Pods-Assignment.debug.xcconfig */,
				6897268A6807F6115778FD83 /* Pods-Assignment.release.xcconfig */,
			);
			name = Pods;
			path = Pods;
			sourceTree = "<group>";
		};
		F36C3E721B44BEFCB664E257 /* Frameworks */ = {
			isa = PBXGroup;
			children = (
				1CCA411BCF47C187A1783DA5 /* Pods_Assignment.framework */,
			);
			name = Frameworks;
			sourceTree = "<group>";
		};
/* End PBXGroup section */

/* Begin PBXNativeTarget section */
		096CDE852B049C99008BAE4E /* Assignment */ = {
			isa = PBXNativeTarget;
			buildConfigurationList = 096CDE9A2B049C9B008BAE4E /* Build configuration list for PBXNativeTarget "Assignment" */;
			buildPhases = (
				C3223CF8326BA7165052DBE1 /* [CP] Check Pods Manifest.lock */,
				096CDE822B049C99008BAE4E /* Sources */,
				096CDE832B049C99008BAE4E /* Frameworks */,
				096CDE842B049C99008BAE4E /* Resources */,
				8629DC2D6B4E7CC2CFCAE993 /* [CP] Embed Pods Frameworks */,
			);
			buildRules = (
			);
			dependencies = (
			);
			name = Assignment;
			productName = Assignment;
			productReference = 096CDE862B049C99008BAE4E /* Assignment.app */;
			productType = "com.apple.product-type.application";
		};
/* End PBXNativeTarget section */

/* Begin PBXProject section */
		096CDE7E2B049C99008BAE4E /* Project object */ = {
			isa = PBXProject;
			attributes = {
				BuildIndependentTargetsInParallel = 1;
				LastSwiftUpdateCheck = 1430;
				LastUpgradeCheck = 1430;
				TargetAttributes = {
					096CDE852B049C99008BAE4E = {
						CreatedOnToolsVersion = 14.3;
					};
				};
			};
			buildConfigurationList = 096CDE812B049C99008BAE4E /* Build configuration list for PBXProject "Assignment" */;
			compatibilityVersion = "Xcode 14.0";
			developmentRegion = en;
			hasScannedForEncodings = 0;
			knownRegions = (
				en,
				Base,
			);
			mainGroup = 096CDE7D2B049C99008BAE4E;
			productRefGroup = 096CDE872B049C99008BAE4E /* Products */;
			projectDirPath = "";
			projectRoot = "";
			targets = (
				096CDE852B049C99008BAE4E /* Assignment */,
			);
		};
/* End PBXProject section */

/* Begin PBXResourcesBuildPhase section */
		096CDE842B049C99008BAE4E /* Resources */ = {
			isa = PBXResourcesBuildPhase;
			buildActionMask = 2147483647;
			files = (
				096CDE962B049C9B008BAE4E /* LaunchScreen.storyboard in Resources */,
				096CDE932B049C9B008BAE4E /* Assets.xcassets in Resources */,
				096CDEB12B04F21B008BAE4E /* MovieTableViewCell.xib in Resources */,
				096CDE912B049C99008BAE4E /* Main.storyboard in Resources */,
			);
			runOnlyForDeploymentPostprocessing = 0;
		};
/* End PBXResourcesBuildPhase section */

/* Begin PBXShellScriptBuildPhase section */
		8629DC2D6B4E7CC2CFCAE993 /* [CP] Embed Pods Frameworks */ = {
			isa = PBXShellScriptBuildPhase;
			buildActionMask = 2147483647;
			files = (
			);
			inputFileListPaths = (
				"${PODS_ROOT}/Target Support Files/Pods-Assignment/Pods-Assignment-frameworks-${CONFIGURATION}-input-files.xcfilelist",
			);
			name = "[CP] Embed Pods Frameworks";
			outputFileListPaths = (
				"${PODS_ROOT}/Target Support Files/Pods-Assignment/Pods-Assignment-frameworks-${CONFIGURATION}-output-files.xcfilelist",
			);
			runOnlyForDeploymentPostprocessing = 0;
			shellPath = /bin/sh;
			shellScript = "\"${PODS_ROOT}/Target Support Files/Pods-Assignment/Pods-Assignment-frameworks.sh\"\n";
			showEnvVarsInLog = 0;
		};
		C3223CF8326BA7165052DBE1 /* [CP] Check Pods Manifest.lock */ = {
			isa = PBXShellScriptBuildPhase;
			buildActionMask = 2147483647;
			files = (
			);
			inputFileListPaths = (
			);
			inputPaths = (
				"${PODS_PODFILE_DIR_PATH}/Podfile.lock",
				"${PODS_ROOT}/Manifest.lock",
			);
			name = "[CP] Check Pods Manifest.lock";
			outputFileListPaths = (
			);
			outputPaths = (
				"$(DERIVED_FILE_DIR)/Pods-Assignment-checkManifestLockResult.txt",
			);
			runOnlyForDeploymentPostprocessing = 0;
			shellPath = /bin/sh;
			shellScript = "diff \"${PODS_PODFILE_DIR_PATH}/Podfile.lock\" \"${PODS_ROOT}/Manifest.lock\" > /dev/null\nif [ $? != 0 ] ; then\n    # print error to STDERR\n    echo \"error: The sandbox is not in sync with the Podfile.lock. Run 'pod install' or update your CocoaPods installation.\" >&2\n    exit 1\nfi\n# This output is used by Xcode 'outputs' to avoid re-running this script phase.\necho \"SUCCESS\" > \"${SCRIPT_OUTPUT_FILE_0}\"\n";
			showEnvVarsInLog = 0;
		};
/* End PBXShellScriptBuildPhase section */

/* Begin PBXSourcesBuildPhase section */
		096CDE822B049C99008BAE4E /* Sources */ = {
			isa = PBXSourcesBuildPhase;
			buildActionMask = 2147483647;
			files = (
				096CDEA72B04C9B1008BAE4E /* MovieModel.swift in Sources */,
				096CDEA32B04A723008BAE4E /* MovieData.swift in Sources */,
				09B199282B0619F200F296CB /* MovieDescriptionViewController.swift in Sources */,
				096CDEB02B04F21B008BAE4E /* MovieTableViewCell.swift in Sources */,
				096CDE8E2B049C99008BAE4E /* MoviesViewController.swift in Sources */,
				096CDEA52B04A788008BAE4E /* MovieManager.swift in Sources */,
				096CDE8A2B049C99008BAE4E /* AppDelegate.swift in Sources */,
				096CDE8C2B049C99008BAE4E /* SceneDelegate.swift in Sources */,
			);
			runOnlyForDeploymentPostprocessing = 0;
		};
/* End PBXSourcesBuildPhase section */

/* Begin PBXVariantGroup section */
		096CDE8F2B049C99008BAE4E /* Main.storyboard */ = {
			isa = PBXVariantGroup;
			children = (
				096CDE902B049C99008BAE4E /* Base */,
			);
			name = Main.storyboard;
			sourceTree = "<group>";
		};
		096CDE942B049C9B008BAE4E /* LaunchScreen.storyboard */ = {
			isa = PBXVariantGroup;
			children = (
				096CDE952B049C9B008BAE4E /* Base */,
			);
			name = LaunchScreen.storyboard;
			sourceTree = "<group>";
		};
/* End PBXVariantGroup section */

/* Begin XCBuildConfiguration section */
		096CDE982B049C9B008BAE4E /* Debug */ = {
			isa = XCBuildConfiguration;
			buildSettings = {
				ALWAYS_SEARCH_USER_PATHS = NO;
				CLANG_ANALYZER_NONNULL = YES;
				CLANG_ANALYZER_NUMBER_OBJECT_CONVERSION = YES_AGGRESSIVE;
				CLANG_CXX_LANGUAGE_STANDARD = "gnu++20";
				CLANG_ENABLE_MODULES = YES;
				CLANG_ENABLE_OBJC_ARC = YES;
				CLANG_ENABLE_OBJC_WEAK = YES;
				CLANG_WARN_BLOCK_CAPTURE_AUTORELEASING = YES;
				CLANG_WARN_BOOL_CONVERSION = YES;
				CLANG_WARN_COMMA = YES;
				CLANG_WARN_CONSTANT_CONVERSION = YES;
				CLANG_WARN_DEPRECATED_OBJC_IMPLEMENTATIONS = YES;
				CLANG_WARN_DIRECT_OBJC_ISA_USAGE = YES_ERROR;
				CLANG_WARN_DOCUMENTATION_COMMENTS = YES;
				CLANG_WARN_EMPTY_BODY = YES;
				CLANG_WARN_ENUM_CONVERSION = YES;
				CLANG_WARN_INFINITE_RECURSION = YES;
				CLANG_WARN_INT_CONVERSION = YES;
				CLANG_WARN_NON_LITERAL_NULL_CONVERSION = YES;
				CLANG_WARN_OBJC_IMPLICIT_RETAIN_SELF = YES;
				CLANG_WARN_OBJC_LITERAL_CONVERSION = YES;
				CLANG_WARN_OBJC_ROOT_CLASS = YES_ERROR;
				CLANG_WARN_QUOTED_INCLUDE_IN_FRAMEWORK_HEADER = YES;
				CLANG_WARN_RANGE_LOOP_ANALYSIS = YES;
				CLANG_WARN_STRICT_PROTOTYPES = YES;
				CLANG_WARN_SUSPICIOUS_MOVE = YES;
				CLANG_WARN_UNGUARDED_AVAILABILITY = YES_AGGRESSIVE;
				CLANG_WARN_UNREACHABLE_CODE = YES;
				CLANG_WARN__DUPLICATE_METHOD_MATCH = YES;
				COPY_PHASE_STRIP = NO;
				DEBUG_INFORMATION_FORMAT = dwarf;
				ENABLE_STRICT_OBJC_MSGSEND = YES;
				ENABLE_TESTABILITY = YES;
				GCC_C_LANGUAGE_STANDARD = gnu11;
				GCC_DYNAMIC_NO_PIC = NO;
				GCC_NO_COMMON_BLOCKS = YES;
				GCC_OPTIMIZATION_LEVEL = 0;
				GCC_PREPROCESSOR_DEFINITIONS = (
					"DEBUG=1",
					"$(inherited)",
				);
				GCC_WARN_64_TO_32_BIT_CONVERSION = YES;
				GCC_WARN_ABOUT_RETURN_TYPE = YES_ERROR;
				GCC_WARN_UNDECLARED_SELECTOR = YES;
				GCC_WARN_UNINITIALIZED_AUTOS = YES_AGGRESSIVE;
				GCC_WARN_UNUSED_FUNCTION = YES;
				GCC_WARN_UNUSED_VARIABLE = YES;
				IPHONEOS_DEPLOYMENT_TARGET = 16.4;
				MTL_ENABLE_DEBUG_INFO = INCLUDE_SOURCE;
				MTL_FAST_MATH = YES;
				ONLY_ACTIVE_ARCH = YES;
				SDKROOT = iphoneos;
				SWIFT_ACTIVE_COMPILATION_CONDITIONS = DEBUG;
				SWIFT_OPTIMIZATION_LEVEL = "-Onone";
			};
			name = Debug;
		};
		096CDE992B049C9B008BAE4E /* Release */ = {
			isa = XCBuildConfiguration;
			buildSettings = {
				ALWAYS_SEARCH_USER_PATHS = NO;
				CLANG_ANALYZER_NONNULL = YES;
				CLANG_ANALYZER_NUMBER_OBJECT_CONVERSION = YES_AGGRESSIVE;
				CLANG_CXX_LANGUAGE_STANDARD = "gnu++20";
				CLANG_ENABLE_MODULES = YES;
				CLANG_ENABLE_OBJC_ARC = YES;
				CLANG_ENABLE_OBJC_WEAK = YES;
				CLANG_WARN_BLOCK_CAPTURE_AUTORELEASING = YES;
				CLANG_WARN_BOOL_CONVERSION = YES;
				CLANG_WARN_COMMA = YES;
				CLANG_WARN_CONSTANT_CONVERSION = YES;
				CLANG_WARN_DEPRECATED_OBJC_IMPLEMENTATIONS = YES;
				CLANG_WARN_DIRECT_OBJC_ISA_USAGE = YES_ERROR;
				CLANG_WARN_DOCUMENTATION_COMMENTS = YES;
				CLANG_WARN_EMPTY_BODY = YES;
				CLANG_WARN_ENUM_CONVERSION = YES;
				CLANG_WARN_INFINITE_RECURSION = YES;
				CLANG_WARN_INT_CONVERSION = YES;
				CLANG_WARN_NON_LITERAL_NULL_CONVERSION = YES;
				CLANG_WARN_OBJC_IMPLICIT_RETAIN_SELF = YES;
				CLANG_WARN_OBJC_LITERAL_CONVERSION = YES;
				CLANG_WARN_OBJC_ROOT_CLASS = YES_ERROR;
				CLANG_WARN_QUOTED_INCLUDE_IN_FRAMEWORK_HEADER = YES;
				CLANG_WARN_RANGE_LOOP_ANALYSIS = YES;
				CLANG_WARN_STRICT_PROTOTYPES = YES;
				CLANG_WARN_SUSPICIOUS_MOVE = YES;
				CLANG_WARN_UNGUARDED_AVAILABILITY = YES_AGGRESSIVE;
				CLANG_WARN_UNREACHABLE_CODE = YES;
				CLANG_WARN__DUPLICATE_METHOD_MATCH = YES;
				COPY_PHASE_STRIP = NO;
				DEBUG_INFORMATION_FORMAT = "dwarf-with-dsym";
				ENABLE_NS_ASSERTIONS = NO;
				ENABLE_STRICT_OBJC_MSGSEND = YES;
				GCC_C_LANGUAGE_STANDARD = gnu11;
				GCC_NO_COMMON_BLOCKS = YES;
				GCC_WARN_64_TO_32_BIT_CONVERSION = YES;
				GCC_WARN_ABOUT_RETURN_TYPE = YES_ERROR;
				GCC_WARN_UNDECLARED_SELECTOR = YES;
				GCC_WARN_UNINITIALIZED_AUTOS = YES_AGGRESSIVE;
				GCC_WARN_UNUSED_FUNCTION = YES;
				GCC_WARN_UNUSED_VARIABLE = YES;
				IPHONEOS_DEPLOYMENT_TARGET = 16.4;
				MTL_ENABLE_DEBUG_INFO = NO;
				MTL_FAST_MATH = YES;
				SDKROOT = iphoneos;
				SWIFT_COMPILATION_MODE = wholemodule;
				SWIFT_OPTIMIZATION_LEVEL = "-O";
				VALIDATE_PRODUCT = YES;
			};
			name = Release;
		};
		096CDE9B2B049C9B008BAE4E /* Debug */ = {
			isa = XCBuildConfiguration;
			baseConfigurationReference = CEEC814023A5083E1DE941B3 /* Pods-Assignment.debug.xcconfig */;
			buildSettings = {
				ASSETCATALOG_COMPILER_APPICON_NAME = AppIcon;
				ASSETCATALOG_COMPILER_GLOBAL_ACCENT_COLOR_NAME = AccentColor;
				CODE_SIGN_STYLE = Automatic;
				CURRENT_PROJECT_VERSION = 1;
				GENERATE_INFOPLIST_FILE = YES;
				INFOPLIST_FILE = Assignment/Info.plist;
				INFOPLIST_KEY_UIApplicationSupportsIndirectInputEvents = YES;
				INFOPLIST_KEY_UILaunchStoryboardName = LaunchScreen;
				INFOPLIST_KEY_UIMainStoryboardFile = Main;
				INFOPLIST_KEY_UISupportedInterfaceOrientations_iPad = "UIInterfaceOrientationPortrait UIInterfaceOrientationPortraitUpsideDown UIInterfaceOrientationLandscapeLeft UIInterfaceOrientationLandscapeRight";
				INFOPLIST_KEY_UISupportedInterfaceOrientations_iPhone = "UIInterfaceOrientationPortrait UIInterfaceOrientationLandscapeLeft UIInterfaceOrientationLandscapeRight";
				IPHONEOS_DEPLOYMENT_TARGET = 13.0;
				LD_RUNPATH_SEARCH_PATHS = (
					"$(inherited)",
					"@executable_path/Frameworks",
				);
				MARKETING_VERSION = 1.0;
				PRODUCT_BUNDLE_IDENTIFIER = com.wasiq.Assignment;
				PRODUCT_NAME = "$(TARGET_NAME)";
				SWIFT_EMIT_LOC_STRINGS = YES;
				SWIFT_VERSION = 5.0;
				TARGETED_DEVICE_FAMILY = "1,2";
			};
			name = Debug;
		};
		096CDE9C2B049C9B008BAE4E /* Release */ = {
			isa = XCBuildConfiguration;
			baseConfigurationReference = 6897268A6807F6115778FD83 /* Pods-Assignment.release.xcconfig */;
			buildSettings = {
				ASSETCATALOG_COMPILER_APPICON_NAME = AppIcon;
				ASSETCATALOG_COMPILER_GLOBAL_ACCENT_COLOR_NAME = AccentColor;
				CODE_SIGN_STYLE = Automatic;
				CURRENT_PROJECT_VERSION = 1;
				GENERATE_INFOPLIST_FILE = YES;
				INFOPLIST_FILE = Assignment/Info.plist;
				INFOPLIST_KEY_UIApplicationSupportsIndirectInputEvents = YES;
				INFOPLIST_KEY_UILaunchStoryboardName = LaunchScreen;
				INFOPLIST_KEY_UIMainStoryboardFile = Main;
				INFOPLIST_KEY_UISupportedInterfaceOrientations_iPad = "UIInterfaceOrientationPortrait UIInterfaceOrientationPortraitUpsideDown UIInterfaceOrientationLandscapeLeft UIInterfaceOrientationLandscapeRight";
				INFOPLIST_KEY_UISupportedInterfaceOrientations_iPhone = "UIInterfaceOrientationPortrait UIInterfaceOrientationLandscapeLeft UIInterfaceOrientationLandscapeRight";
				IPHONEOS_DEPLOYMENT_TARGET = 13.0;
				LD_RUNPATH_SEARCH_PATHS = (
					"$(inherited)",
					"@executable_path/Frameworks",
				);
				MARKETING_VERSION = 1.0;
				PRODUCT_BUNDLE_IDENTIFIER = com.wasiq.Assignment;
				PRODUCT_NAME = "$(TARGET_NAME)";
				SWIFT_EMIT_LOC_STRINGS = YES;
				SWIFT_VERSION = 5.0;
				TARGETED_DEVICE_FAMILY = "1,2";
			};
			name = Release;
		};
/* End XCBuildConfiguration section */

/* Begin XCConfigurationList section */
		096CDE812B049C99008BAE4E /* Build configuration list for PBXProject "Assignment" */ = {
			isa = XCConfigurationList;
			buildConfigurations = (
				096CDE982B049C9B008BAE4E /* Debug */,
				096CDE992B049C9B008BAE4E /* Release */,
			);
			defaultConfigurationIsVisible = 0;
			defaultConfigurationName = Release;
		};
		096CDE9A2B049C9B008BAE4E /* Build configuration list for PBXNativeTarget "Assignment" */ = {
			isa = XCConfigurationList;
			buildConfigurations = (
				096CDE9B2B049C9B008BAE4E /* Debug */,
				096CDE9C2B049C9B008BAE4E /* Release */,
			);
			defaultConfigurationIsVisible = 0;
			defaultConfigurationName = Release;
		};
/* End XCConfigurationList section */
	};
	rootObject = 096CDE7E2B049C99008BAE4E /* Project object */;
}
